{
  "name": "@donbee/cline-option-scorer",
  "version": "0.2.2",
  "lockfileVersion": 3,
  "requires": true,
  "packages": {
    "": {
      "name": "@donbee/cline-option-scorer",
      "version": "0.2.2",
      "license": "MIT",
      "bin": {
        "cline-jev-mcp": "mcp-server.js",
        "cline-option-scorer": "src/cli.js",
        "cline-option-scorer-install-hook": "scripts/install-hook.mjs"
      },
      "engines": {
        "node": ">=18"
      },
      "peerDependencies": {
        "@cline/sdk": "*"
      },
      "peerDependenciesMeta": {
        "@cline/sdk": {
          "optional": true
        }
      }
    }
  }
}
